
Microsoft Visual Studio Solution File, Format Version 12.00
# Visual Studio Version 16
VisualStudioVersion = 16.0.31410.357
MinimumVisualStudioVersion = 10.0.40219.1
Project("{FAE04EC0-301F-11D3-BF4B-00C04F79EFBC}") = "MessengerApp", "MessengerApp\MessengerApp.csproj", "{179AD530-C714-46FA-913A-F15A5D03E121}"
EndProject
Global
	GlobalSection(SolutionConfigurationPlatforms) = preSolution
		Debug|Any CPU = Debug|Any CPU
		Release|Any CPU = Release|Any CPU
	EndGlobalSection
	GlobalSection(ProjectConfigurationPlatforms) = postSolution
		{179AD530-C714-46FA-913A-F15A5D03E121}.Debug|Any CPU.ActiveCfg = Debug|Any CPU
		{179AD530-C714-46FA-913A-F15A5D03E121}.Debug|Any CPU.Build.0 = Debug|Any CPU
		{179AD530-C714-46FA-913A-F15A5D03E121}.Release|Any CPU.ActiveCfg = Release|Any CPU
		{179AD530-C714-46FA-913A-F15A5D03E121}.Release|Any CPU.Build.0 = Release|Any CPU
	EndGlobalSection
	GlobalSection(SolutionProperties) = preSolution
		HideSolutionNode = FALSE
	EndGlobalSection
	GlobalSection(ExtensibilityGlobals) = postSolution
		SolutionGuid = {297C0E96-A3B7-42ED-985E-A7F02594330A}
	EndGlobalSection
EndGlobal
